
Microsoft Visual Studio Solution File, Format Version 12.00
# Visual Studio Version 17
VisualStudioVersion = 17.0.31919.166
MinimumVisualStudioVersion = 10.0.40219.1
Project("{9A19103F-16F7-4668-BE54-9A1E7A4F7556}") = "LyraWebPWA", "NebulaClient\LyraWebPWA.csproj", "{F0A0659C-1D87-4CA9-90FB-AF7E26F69F6A}"
EndProject
Project("{9A19103F-16F7-4668-BE54-9A1E7A4F7556}") = "UserLibrary", "UserLibrary\UserLibrary.csproj", "{451AFFCA-515A-4760-BE9C-0695CDAE52D5}"
EndProject
Project("{9A19103F-16F7-4668-BE54-9A1E7A4F7556}") = "LyraWebApp", "HotTest\LyraWebApp.csproj", "{0F2C1095-0496-4C73-8A62-F4E9F607329F}"
EndProject
Project("{9A19103F-16F7-4668-BE54-9A1E7A4F7556}") = "Dealer.Server", "Dealer\Dealer.Server.csproj", "{1AD39200-101E-4DEA-9FA5-3E3DFF91C428}"
EndProject
Project("{9A19103F-16F7-4668-BE54-9A1E7A4F7556}") = "Test", "Test\Test.csproj", "{7D6CF9B8-B2E1-4082-B830-611A9A9A7CF5}"
EndProject
Project("{2150E333-8FDC-42A3-9474-1A3956D46DE8}") = "Solution Items", "Solution Items", "{FB9732BF-8D48-47D8-8C26-4A15FDBAB83A}"
	ProjectSection(SolutionItems) = preProject
		README.md = README.md
	EndProjectSection
EndProject
Global
	GlobalSection(SolutionConfigurationPlatforms) = preSolution
		Debug|Any CPU = Debug|Any CPU
		Debug|x86 = Debug|x86
		Release|Any CPU = Release|Any CPU
		Release|x86 = Release|x86
	EndGlobalSection
	GlobalSection(ProjectConfigurationPlatforms) = postSolution
		{F0A0659C-1D87-4CA9-90FB-AF7E26F69F6A}.Debug|Any CPU.ActiveCfg = Debug|Any CPU
		{F0A0659C-1D87-4CA9-90FB-AF7E26F69F6A}.Debug|Any CPU.Build.0 = Debug|Any CPU
		{F0A0659C-1D87-4CA9-90FB-AF7E26F69F6A}.Debug|x86.ActiveCfg = Debug|Any CPU
		{F0A0659C-1D87-4CA9-90FB-AF7E26F69F6A}.Debug|x86.Build.0 = Debug|Any CPU
		{F0A0659C-1D87-4CA9-90FB-AF7E26F69F6A}.Release|Any CPU.ActiveCfg = Release|Any CPU
		{F0A0659C-1D87-4CA9-90FB-AF7E26F69F6A}.Release|Any CPU.Build.0 = Release|Any CPU
		{F0A0659C-1D87-4CA9-90FB-AF7E26F69F6A}.Release|x86.ActiveCfg = Release|Any CPU
		{F0A0659C-1D87-4CA9-90FB-AF7E26F69F6A}.Release|x86.Build.0 = Release|Any CPU
		{451AFFCA-515A-4760-BE9C-0695CDAE52D5}.Debug|Any CPU.ActiveCfg = Debug|Any CPU
		{451AFFCA-515A-4760-BE9C-0695CDAE52D5}.Debug|Any CPU.Build.0 = Debug|Any CPU
		{451AFFCA-515A-4760-BE9C-0695CDAE52D5}.Debug|x86.ActiveCfg = Debug|x86
		{451AFFCA-515A-4760-BE9C-0695CDAE52D5}.Debug|x86.Build.0 = Debug|x86
		{451AFFCA-515A-4760-BE9C-0695CDAE52D5}.Release|Any CPU.ActiveCfg = Release|Any CPU
		{451AFFCA-515A-4760-BE9C-0695CDAE52D5}.Release|Any CPU.Build.0 = Release|Any CPU
		{451AFFCA-515A-4760-BE9C-0695CDAE52D5}.Release|x86.ActiveCfg = Release|x86
		{451AFFCA-515A-4760-BE9C-0695CDAE52D5}.Release|x86.Build.0 = Release|x86
		{0F2C1095-0496-4C73-8A62-F4E9F607329F}.Debug|Any CPU.ActiveCfg = Debug|Any CPU
		{0F2C1095-0496-4C73-8A62-F4E9F607329F}.Debug|Any CPU.Build.0 = Debug|Any CPU
		{0F2C1095-0496-4C73-8A62-F4E9F607329F}.Debug|x86.ActiveCfg = Debug|Any CPU
		{0F2C1095-0496-4C73-8A62-F4E9F607329F}.Debug|x86.Build.0 = Debug|Any CPU
		{0F2C1095-0496-4C73-8A62-F4E9F607329F}.Release|Any CPU.ActiveCfg = Release|Any CPU
		{0F2C1095-0496-4C73-8A62-F4E9F607329F}.Release|Any CPU.Build.0 = Release|Any CPU
		{0F2C1095-0496-4C73-8A62-F4E9F607329F}.Release|x86.ActiveCfg = Release|Any CPU
		{0F2C1095-0496-4C73-8A62-F4E9F607329F}.Release|x86.Build.0 = Release|Any CPU
		{1AD39200-101E-4DEA-9FA5-3E3DFF91C428}.Debug|Any CPU.ActiveCfg = Debug|Any CPU
		{1AD39200-101E-4DEA-9FA5-3E3DFF91C428}.Debug|Any CPU.Build.0 = Debug|Any CPU
		{1AD39200-101E-4DEA-9FA5-3E3DFF91C428}.Debug|x86.ActiveCfg = Debug|Any CPU
		{1AD39200-101E-4DEA-9FA5-3E3DFF91C428}.Debug|x86.Build.0 = Debug|Any CPU
		{1AD39200-101E-4DEA-9FA5-3E3DFF91C428}.Release|Any CPU.ActiveCfg = Release|Any CPU
		{1AD39200-101E-4DEA-9FA5-3E3DFF91C428}.Release|Any CPU.Build.0 = Release|Any CPU
		{1AD39200-101E-4DEA-9FA5-3E3DFF91C428}.Release|x86.ActiveCfg = Release|Any CPU
		{1AD39200-101E-4DEA-9FA5-3E3DFF91C428}.Release|x86.Build.0 = Release|Any CPU
		{7D6CF9B8-B2E1-4082-B830-611A9A9A7CF5}.Debug|Any CPU.ActiveCfg = Debug|Any CPU
		{7D6CF9B8-B2E1-4082-B830-611A9A9A7CF5}.Debug|Any CPU.Build.0 = Debug|Any CPU
		{7D6CF9B8-B2E1-4082-B830-611A9A9A7CF5}.Debug|x86.ActiveCfg = Debug|Any CPU
		{7D6CF9B8-B2E1-4082-B830-611A9A9A7CF5}.Debug|x86.Build.0 = Debug|Any CPU
		{7D6CF9B8-B2E1-4082-B830-611A9A9A7CF5}.Release|Any CPU.ActiveCfg = Release|Any CPU
		{7D6CF9B8-B2E1-4082-B830-611A9A9A7CF5}.Release|Any CPU.Build.0 = Release|Any CPU
		{7D6CF9B8-B2E1-4082-B830-611A9A9A7CF5}.Release|x86.ActiveCfg = Release|Any CPU
		{7D6CF9B8-B2E1-4082-B830-611A9A9A7CF5}.Release|x86.Build.0 = Release|Any CPU
	EndGlobalSection
	GlobalSection(SolutionProperties) = preSolution
		HideSolutionNode = FALSE
	EndGlobalSection
	GlobalSection(ExtensibilityGlobals) = postSolution
		SolutionGuid = {30855EA8-66B6-46F0-96C5-E3BFFCB66512}
	EndGlobalSection
EndGlobal
